// !$*UTF8*$!
{
	archiveVersion = 1;
	classes = {
	};
	objectVersion = 48;
	objects = {

/* Begin PBXBuildFile section */
		9A50A7AA200B2CCE00C8ECDE /* AppDelegate.swift in Sources */ = {isa = PBXBuildFile; fileRef = 9A50A7A9200B2CCE00C8ECDE /* AppDelegate.swift */; };
		9A50A7AC200B2CCE00C8ECDE /* ViewController.swift in Sources */ = {isa = PBXBuildFile; fileRef = 9A50A7AB200B2CCE00C8ECDE /* ViewController.swift */; };
		9A50A7AF200B2CCE00C8ECDE /* Main.storyboard in Resources */ = {isa = PBXBuildFile; fileRef = 9A50A7AD200B2CCE00C8ECDE /* Main.storyboard */; };
		9A50A7B1200B2CCE00C8ECDE /* Assets.xcassets in Resources */ = {isa = PBXBuildFile; fileRef = 9A50A7B0200B2CCE00C8ECDE /* Assets.xcassets */; };
		9A50A7B4200B2CCE00C8ECDE /* LaunchScreen.storyboard in Resources */ = {isa = PBXBuildFile; fileRef = 9A50A7B2200B2CCE00C8ECDE /* LaunchScreen.storyboard */; };
/* End PBXBuildFile section */

/* Begin PBXFileReference section */
		9A50A7A6200B2CCE00C8ECDE /* cg4.app */ = {isa = PBXFileReference; explicitFileType = wrapper.application; includeInIndex = 0; path = cg4.app; sourceTree = BUILT_PRODUCTS_DIR; };
		9A50A7A9200B2CCE00C8ECDE /* AppDelegate.swift */ = {isa = PBXFileReference; lastKnownFileType = sourcecode.swift; path = AppDelegate.swift; sourceTree = "<group>"; };
		9A50A7AB200B2CCE00C8ECDE /* ViewController.swift */ = {isa = PBXFileReference; lastKnownFileType = sourcecode.swift; path = ViewController.swift; sourceTree = "<group>"; };
		9A50A7AE200B2CCE00C8ECDE /* Base */ = {isa = PBXFileReference; lastKnownFileType = file.storyboard; name = Base; path = Base.lproj/Main.storyboard; sourceTree = "<group>"; };
		9A50A7B0200B2CCE00C8ECDE /* Assets.xcassets */ = {isa = PBXFileReference; lastKnownFileType = folder.assetcatalog; path = Assets.xcassets; sourceTree = "<group>"; };
		9A50A7B3200B2CCE00C8ECDE /* Base */ = {isa = PBXFileReference; lastKnownFileType = file.storyboard; name = Base; path = Base.lproj/LaunchScreen.storyboard; sourceTree = "<group>"; };
		9A50A7B5200B2CCE00C8ECDE /* Info.plist */ = {isa = PBXFileReference; lastKnownFileType = text.plist.xml; path = Info.plist; sourceTree = "<group>"; };
/* End PBXFileReference section */

/* Begin PBXFrameworksBuildPhase section */
		9A50A7A3200B2CCE00C8ECDE /* Frameworks */ = {
			isa = PBXFrameworksBuildPhase;
			buildActionMask = 2147483647;
			files = (
			);
			runOnlyForDeploymentPostprocessing = 0;
		};
/* End PBXFrameworksBuildPhase section */

/* Begin PBXGroup section */
		9A50A79D200B2CCE00C8ECDE = {
			isa = PBXGroup;
			children = (
				9A50A7A8200B2CCE00C8ECDE /* cg4 */,
				9A50A7A7200B2CCE00C8ECDE /* Products */,
			);
			sourceTree = "<group>";
		};
		9A50A7A7200B2CCE00C8ECDE /* Products */ = {
			isa = PBXGroup;
			children = (
				9A50A7A6200B2CCE00C8ECDE /* cg4.app */,
			);
			name = Products;
			sourceTree = "<group>";
		};
		9A50A7A8200B2CCE00C8ECDE /* cg4 */ = {
			isa = PBXGroup;
			children = (
				9A50A7A9200B2CCE00C8ECDE /* AppDelegate.swift */,
				9A50A7AB200B2CCE00C8ECDE /* ViewController.swift */,
				9A50A7AD200B2CCE00C8ECDE /* Main.storyboard */,
				9A50A7B0200B2CCE00C8ECDE /* Assets.xcassets */,
				9A50A7B2200B2CCE00C8ECDE /* LaunchScreen.storyboard */,
				9A50A7B5200B2CCE00C8ECDE /* Info.plist */,
			);
			path = cg4;
			sourceTree = "<group>";
		};
/* End PBXGroup section */

/* Begin PBXNativeTarget section */
		9A50A7A5200B2CCE00C8ECDE /* cg4 */ = {
			isa = PBXNativeTarget;
			buildConfigurationList = 9A50A7B8200B2CCE00C8ECDE /* Build configuration list for PBXNativeTarget "cg4" */;
			buildPhases = (
				9A50A7A2200B2CCE00C8ECDE /* Sources */,
				9A50A7A3200B2CCE00C8ECDE /* Frameworks */,
				9A50A7A4200B2CCE00C8ECDE /* Resources */,
			);
			buildRules = (
			);
			dependencies = (
			);
			name = cg4;
			productName = cg4;
			productReference = 9A50A7A6200B2CCE00C8ECDE /* cg4.app */;
			productType = "com.apple.product-type.application";
		};
/* End PBXNativeTarget section */

/* Begin PBXProject section */
		9A50A79E200B2CCE00C8ECDE /* Project object */ = {
			isa = PBXProject;
			attributes = {
				LastSwiftUpdateCheck = 0920;
				LastUpgradeCheck = 0920;
				ORGANIZATIONNAME = "Louis Iacoponi";
				TargetAttributes = {
					9A50A7A5200B2CCE00C8ECDE = {
						CreatedOnToolsVersion = 9.2;
						ProvisioningStyle = Automatic;
					};
				};
			};
			buildConfigurationList = 9A50A7A1200B2CCE00C8ECDE /* Build configuration list for PBXProject "cg4" */;
			compatibilityVersion = "Xcode 8.0";
			developmentRegion = en;
			hasScannedForEncodings = 0;
			knownRegions = (
				en,
				Base,
			);
			mainGroup = 9A50A79D200B2CCE00C8ECDE;
			productRefGroup = 9A50A7A7200B2CCE00C8ECDE /* Products */;
			projectDirPath = "";
			projectRoot = "";
			targets = (
				9A50A7A5200B2CCE00C8ECDE /* cg4 */,
			);
		};
/* End PBXProject section */

/* Begin PBXResourcesBuildPhase section */
		9A50A7A4200B2CCE00C8ECDE /* Resources */ = {
			isa = PBXResourcesBuildPhase;
			buildActionMask = 2147483647;
			files = (
				9A50A7B4200B2CCE00C8ECDE /* LaunchScreen.storyboard in Resources */,
				9A50A7B1200B2CCE00C8ECDE /* Assets.xcassets in Resources */,
				9A50A7AF200B2CCE00C8ECDE /* Main.storyboard in Resources */,
			);
			runOnlyForDeploymentPostprocessing = 0;
		};
/* End PBXResourcesBuildPhase section */

/* Begin PBXSourcesBuildPhase section */
		9A50A7A2200B2CCE00C8ECDE /* Sources */ = {
			isa = PBXSourcesBuildPhase;
			buildActionMask = 2147483647;
			files = (
				9A50A7AC200B2CCE00C8ECDE /* ViewController.swift in Sources */,
				9A50A7AA200B2CCE00C8ECDE /* AppDelegate.swift in Sources */,
			);
			runOnlyForDeploymentPostprocessing = 0;
		};
/* End PBXSourcesBuildPhase section */

/* Begin PBXVariantGroup section */
		9A50A7AD200B2CCE00C8ECDE /* Main.storyboard */ = {
			isa = PBXVariantGroup;
			children = (
				9A50A7AE200B2CCE00C8ECDE /* Base */,
			);
			name = Main.storyboard;
			sourceTree = "<group>";
		};
		9A50A7B2200B2CCE00C8ECDE /* LaunchScreen.storyboard */ = {
			isa = PBXVariantGroup;
			children = (
				9A50A7B3200B2CCE00C8ECDE /* Base */,
			);
			name = LaunchScreen.storyboard;
			sourceTree = "<group>";
		};
/* End PBXVariantGroup section */

/* Begin XCBuildConfiguration section */
		9A50A7B6200B2CCE00C8ECDE /* Debug */ = {
			isa = XCBuildConfiguration;
			buildSettings = {
				ALWAYS_SEARCH_USER_PATHS = NO;
				CLANG_ANALYZER_NONNULL = YES;
				CLANG_ANALYZER_NUMBER_OBJECT_CONVERSION = YES_AGGRESSIVE;
				CLANG_CXX_LANGUAGE_STANDARD = "gnu++14";
				CLANG_CXX_LIBRARY = "libc++";
				CLANG_ENABLE_MODULES = YES;
				CLANG_ENABLE_OBJC_ARC = YES;
				CLANG_WARN_BLOCK_CAPTURE_AUTORELEASING = YES;
				CLANG_WARN_BOOL_CONVERSION = YES;
				CLANG_WARN_COMMA = YES;
				CLANG_WARN_CONSTANT_CONVERSION = YES;
				CLANG_WARN_DIRECT_OBJC_ISA_USAGE = YES_ERROR;
				CLANG_WARN_DOCUMENTATION_COMMENTS = YES;
				CLANG_WARN_EMPTY_BODY = YES;
				CLANG_WARN_ENUM_CONVERSION = YES;
				CLANG_WARN_INFINITE_RECURSION = YES;
				CLANG_WARN_INT_CONVERSION = YES;
				CLANG_WARN_NON_LITERAL_NULL_CONVERSION = YES;
				CLANG_WARN_OBJC_LITERAL_CONVERSION = YES;
				CLANG_WARN_OBJC_ROOT_CLASS = YES_ERROR;
				CLANG_WARN_RANGE_LOOP_ANALYSIS = YES;
				CLANG_WARN_STRICT_PROTOTYPES = YES;
				CLANG_WARN_SUSPICIOUS_MOVE = YES;
				CLANG_WARN_UNGUARDED_AVAILABILITY = YES_AGGRESSIVE;
				CLANG_WARN_UNREACHABLE_CODE = YES;
				CLANG_WARN__DUPLICATE_METHOD_MATCH = YES;
				CODE_SIGN_IDENTITY = "iPhone Developer";
				COPY_PHASE_STRIP = NO;
				DEBUG_INFORMATION_FORMAT = dwarf;
				ENABLE_STRICT_OBJC_MSGSEND = YES;
				ENABLE_TESTABILITY = YES;
				GCC_C_LANGUAGE_STANDARD = gnu11;
				GCC_DYNAMIC_NO_PIC = NO;
				GCC_NO_COMMON_BLOCKS = YES;
				GCC_OPTIMIZATION_LEVEL = 0;
				GCC_PREPROCESSOR_DEFINITIONS = (
					"DEBUG=1",
					"$(inherited)",
				);
				GCC_WARN_64_TO_32_BIT_CONVERSION = YES;
				GCC_WARN_ABOUT_RETURN_TYPE = YES_ERROR;
				GCC_WARN_UNDECLARED_SELECTOR = YES;
				GCC_WARN_UNINITIALIZED_AUTOS = YES_AGGRESSIVE;
				GCC_WARN_UNUSED_FUNCTION = YES;
				GCC_WARN_UNUSED_VARIABLE = YES;
				IPHONEOS_DEPLOYMENT_TARGET = 11.2;
				MTL_ENABLE_DEBUG_INFO = YES;
				ONLY_ACTIVE_ARCH = YES;
				SDKROOT = iphoneos;
				SWIFT_ACTIVE_COMPILATION_CONDITIONS = DEBUG;
				SWIFT_OPTIMIZATION_LEVEL = "-Onone";
			};
			name = Debug;
		};
		9A50A7B7200B2CCE00C8ECDE /* Release */ = {
			isa = XCBuildConfiguration;
			buildSettings = {
				ALWAYS_SEARCH_USER_PATHS = NO;
				CLANG_ANALYZER_NONNULL = YES;
				CLANG_ANALYZER_NUMBER_OBJECT_CONVERSION = YES_AGGRESSIVE;
				CLANG_CXX_LANGUAGE_STANDARD = "gnu++14";
				CLANG_CXX_LIBRARY = "libc++";
				CLANG_ENABLE_MODULES = YES;
				CLANG_ENABLE_OBJC_ARC = YES;
				CLANG_WARN_BLOCK_CAPTURE_AUTORELEASING = YES;
				CLANG_WARN_BOOL_CONVERSION = YES;
				CLANG_WARN_COMMA = YES;
				CLANG_WARN_CONSTANT_CONVERSION = YES;
				CLANG_WARN_DIRECT_OBJC_ISA_USAGE = YES_ERROR;
				CLANG_WARN_DOCUMENTATION_COMMENTS = YES;
				CLANG_WARN_EMPTY_BODY = YES;
				CLANG_WARN_ENUM_CONVERSION = YES;
				CLANG_WARN_INFINITE_RECURSION = YES;
				CLANG_WARN_INT_CONVERSION = YES;
				CLANG_WARN_NON_LITERAL_NULL_CONVERSION = YES;
				CLANG_WARN_OBJC_LITERAL_CONVERSION = YES;
				CLANG_WARN_OBJC_ROOT_CLASS = YES_ERROR;
				CLANG_WARN_RANGE_LOOP_ANALYSIS = YES;
				CLANG_WARN_STRICT_PROTOTYPES = YES;
				CLANG_WARN_SUSPICIOUS_MOVE = YES;
				CLANG_WARN_UNGUARDED_AVAILABILITY = YES_AGGRESSIVE;
				CLANG_WARN_UNREACHABLE_CODE = YES;
				CLANG_WARN__DUPLICATE_METHOD_MATCH = YES;
				CODE_SIGN_IDENTITY = "iPhone Developer";
				COPY_PHASE_STRIP = NO;
				DEBUG_INFORMATION_FORMAT = "dwarf-with-dsym";
				ENABLE_NS_ASSERTIONS = NO;
				ENABLE_STRICT_OBJC_MSGSEND = YES;
				GCC_C_LANGUAGE_STANDARD = gnu11;
				GCC_NO_COMMON_BLOCKS = YES;
				GCC_WARN_64_TO_32_BIT_CONVERSION = YES;
				GCC_WARN_ABOUT_RETURN_TYPE = YES_ERROR;
				GCC_WARN_UNDECLARED_SELECTOR = YES;
				GCC_WARN_UNINITIALIZED_AUTOS = YES_AGGRESSIVE;
				GCC_WARN_UNUSED_FUNCTION = YES;
				GCC_WARN_UNUSED_VARIABLE = YES;
				IPHONEOS_DEPLOYMENT_TARGET = 11.2;
				MTL_ENABLE_DEBUG_INFO = NO;
				SDKROOT = iphoneos;
				SWIFT_OPTIMIZATION_LEVEL = "-Owholemodule";
				VALIDATE_PRODUCT = YES;
			};
			name = Release;
		};
		9A50A7B9200B2CCE00C8ECDE /* Debug */ = {
			isa = XCBuildConfiguration;
			buildSettings = {
				ASSETCATALOG_COMPILER_APPICON_NAME = AppIcon;
				CODE_SIGN_STYLE = Automatic;
				INFOPLIST_FILE = cg4/Info.plist;
				LD_RUNPATH_SEARCH_PATHS = "$(inherited) @executable_path/Frameworks";
				PRODUCT_BUNDLE_IDENTIFIER = com.liacoponi.cg4;
				PRODUCT_NAME = "$(TARGET_NAME)";
				SWIFT_VERSION = 4.0;
				TARGETED_DEVICE_FAMILY = "1,2";
			};
			name = Debug;
		};
		9A50A7BA200B2CCE00C8ECDE /* Release */ = {
			isa = XCBuildConfiguration;
			buildSettings = {
				ASSETCATALOG_COMPILER_APPICON_NAME = AppIcon;
				CODE_SIGN_STYLE = Automatic;
				INFOPLIST_FILE = cg4/Info.plist;
				LD_RUNPATH_SEARCH_PATHS = "$(inherited) @executable_path/Frameworks";
				PRODUCT_BUNDLE_IDENTIFIER = com.liacoponi.cg4;
				PRODUCT_NAME = "$(TARGET_NAME)";
				SWIFT_VERSION = 4.0;
				TARGETED_DEVICE_FAMILY = "1,2";
			};
			name = Release;
		};
/* End XCBuildConfiguration section */

/* Begin XCConfigurationList section */
		9A50A7A1200B2CCE00C8ECDE /* Build configuration list for PBXProject "cg4" */ = {
			isa = XCConfigurationList;
			buildConfigurations = (
				9A50A7B6200B2CCE00C8ECDE /* Debug */,
				9A50A7B7200B2CCE00C8ECDE /* Release */,
			);
			defaultConfigurationIsVisible = 0;
			defaultConfigurationName = Release;
		};
		9A50A7B8200B2CCE00C8ECDE /* Build configuration list for PBXNativeTarget "cg4" */ = {
			isa = XCConfigurationList;
			buildConfigurations = (
				9A50A7B9200B2CCE00C8ECDE /* Debug */,
				9A50A7BA200B2CCE00C8ECDE /* Release */,
			);
			defaultConfigurationIsVisible = 0;
			defaultConfigurationName = Release;
		};
/* End XCConfigurationList section */
	};
	rootObject = 9A50A79E200B2CCE00C8ECDE /* Project object */;
}
